
Microsoft Visual Studio Solution File, Format Version 12.00
# Visual Studio Version 16
Project("{8BC9CEB8-8B4A-11D0-8D11-00A0C91BC942}") = "ALL_BUILD", "ALL_BUILD.vcxproj", "{CB86341B-2053-33AB-8B20-F3B20F8246EA}"
	ProjectSection(ProjectDependencies) = postProject
		{13CBF77F-7B06-3CA8-8762-35111AA564DE} = {13CBF77F-7B06-3CA8-8762-35111AA564DE}
		{C0676AE5-60E0-38B4-A1DE-34C18AB1B46D} = {C0676AE5-60E0-38B4-A1DE-34C18AB1B46D}
		{AB64ED60-4B44-34C3-B825-26C50D8B2EAA} = {AB64ED60-4B44-34C3-B825-26C50D8B2EAA}
	EndProjectSection
EndProject
Project("{8BC9CEB8-8B4A-11D0-8D11-00A0C91BC942}") = "INSTALL", "INSTALL.vcxproj", "{EEF574A7-6210-3F39-8F66-79ADB31AFB1B}"
	ProjectSection(ProjectDependencies) = postProject
		{CB86341B-2053-33AB-8B20-F3B20F8246EA} = {CB86341B-2053-33AB-8B20-F3B20F8246EA}
		{13CBF77F-7B06-3CA8-8762-35111AA564DE} = {13CBF77F-7B06-3CA8-8762-35111AA564DE}
	EndProjectSection
EndProject
Project("{8BC9CEB8-8B4A-11D0-8D11-00A0C91BC942}") = "PACKAGE", "PACKAGE.vcxproj", "{AD0A338A-09F6-3D1E-9EBA-AA5ADCE776B1}"
	ProjectSection(ProjectDependencies) = postProject
		{CB86341B-2053-33AB-8B20-F3B20F8246EA} = {CB86341B-2053-33AB-8B20-F3B20F8246EA}
		{13CBF77F-7B06-3CA8-8762-35111AA564DE} = {13CBF77F-7B06-3CA8-8762-35111AA564DE}
	EndProjectSection
EndProject
Project("{8BC9CEB8-8B4A-11D0-8D11-00A0C91BC942}") = "ZERO_CHECK", "..\..\\ZERO_CHECK.vcxproj", "{13CBF77F-7B06-3CA8-8762-35111AA564DE}"
	ProjectSection(ProjectDependencies) = postProject
	EndProjectSection
EndProject
Project("{8BC9CEB8-8B4A-11D0-8D11-00A0C91BC942}") = "dpp", "dpp.vcxproj", "{C0676AE5-60E0-38B4-A1DE-34C18AB1B46D}"
	ProjectSection(ProjectDependencies) = postProject
		{13CBF77F-7B06-3CA8-8762-35111AA564DE} = {13CBF77F-7B06-3CA8-8762-35111AA564DE}
	EndProjectSection
EndProject
Project("{8BC9CEB8-8B4A-11D0-8D11-00A0C91BC942}") = "unittest", "unittest.vcxproj", "{AB64ED60-4B44-34C3-B825-26C50D8B2EAA}"
	ProjectSection(ProjectDependencies) = postProject
		{13CBF77F-7B06-3CA8-8762-35111AA564DE} = {13CBF77F-7B06-3CA8-8762-35111AA564DE}
		{C0676AE5-60E0-38B4-A1DE-34C18AB1B46D} = {C0676AE5-60E0-38B4-A1DE-34C18AB1B46D}
	EndProjectSection
EndProject
Global
	GlobalSection(SolutionConfigurationPlatforms) = preSolution
		Debug|x64 = Debug|x64
		Release|x64 = Release|x64
		MinSizeRel|x64 = MinSizeRel|x64
		RelWithDebInfo|x64 = RelWithDebInfo|x64
	EndGlobalSection
	GlobalSection(ProjectConfigurationPlatforms) = postSolution
		{CB86341B-2053-33AB-8B20-F3B20F8246EA}.Debug|x64.ActiveCfg = Debug|x64
		{CB86341B-2053-33AB-8B20-F3B20F8246EA}.Debug|x64.Build.0 = Debug|x64
		{CB86341B-2053-33AB-8B20-F3B20F8246EA}.Release|x64.ActiveCfg = Release|x64
		{CB86341B-2053-33AB-8B20-F3B20F8246EA}.Release|x64.Build.0 = Release|x64
		{CB86341B-2053-33AB-8B20-F3B20F8246EA}.MinSizeRel|x64.ActiveCfg = MinSizeRel|x64
		{CB86341B-2053-33AB-8B20-F3B20F8246EA}.MinSizeRel|x64.Build.0 = MinSizeRel|x64
		{CB86341B-2053-33AB-8B20-F3B20F8246EA}.RelWithDebInfo|x64.ActiveCfg = RelWithDebInfo|x64
		{CB86341B-2053-33AB-8B20-F3B20F8246EA}.RelWithDebInfo|x64.Build.0 = RelWithDebInfo|x64
		{EEF574A7-6210-3F39-8F66-79ADB31AFB1B}.Debug|x64.ActiveCfg = Debug|x64
		{EEF574A7-6210-3F39-8F66-79ADB31AFB1B}.Release|x64.ActiveCfg = Release|x64
		{EEF574A7-6210-3F39-8F66-79ADB31AFB1B}.MinSizeRel|x64.ActiveCfg = MinSizeRel|x64
		{EEF574A7-6210-3F39-8F66-79ADB31AFB1B}.RelWithDebInfo|x64.ActiveCfg = RelWithDebInfo|x64
		{AD0A338A-09F6-3D1E-9EBA-AA5ADCE776B1}.Debug|x64.ActiveCfg = Debug|x64
		{AD0A338A-09F6-3D1E-9EBA-AA5ADCE776B1}.Release|x64.ActiveCfg = Release|x64
		{AD0A338A-09F6-3D1E-9EBA-AA5ADCE776B1}.MinSizeRel|x64.ActiveCfg = MinSizeRel|x64
		{AD0A338A-09F6-3D1E-9EBA-AA5ADCE776B1}.RelWithDebInfo|x64.ActiveCfg = RelWithDebInfo|x64
		{13CBF77F-7B06-3CA8-8762-35111AA564DE}.Debug|x64.ActiveCfg = Debug|x64
		{13CBF77F-7B06-3CA8-8762-35111AA564DE}.Debug|x64.Build.0 = Debug|x64
		{13CBF77F-7B06-3CA8-8762-35111AA564DE}.Release|x64.ActiveCfg = Release|x64
		{13CBF77F-7B06-3CA8-8762-35111AA564DE}.Release|x64.Build.0 = Release|x64
		{13CBF77F-7B06-3CA8-8762-35111AA564DE}.MinSizeRel|x64.ActiveCfg = MinSizeRel|x64
		{13CBF77F-7B06-3CA8-8762-35111AA564DE}.MinSizeRel|x64.Build.0 = MinSizeRel|x64
		{13CBF77F-7B06-3CA8-8762-35111AA564DE}.RelWithDebInfo|x64.ActiveCfg = RelWithDebInfo|x64
		{13CBF77F-7B06-3CA8-8762-35111AA564DE}.RelWithDebInfo|x64.Build.0 = RelWithDebInfo|x64
		{C0676AE5-60E0-38B4-A1DE-34C18AB1B46D}.Debug|x64.ActiveCfg = Debug|x64
		{C0676AE5-60E0-38B4-A1DE-34C18AB1B46D}.Debug|x64.Build.0 = Debug|x64
		{C0676AE5-60E0-38B4-A1DE-34C18AB1B46D}.Release|x64.ActiveCfg = Release|x64
		{C0676AE5-60E0-38B4-A1DE-34C18AB1B46D}.Release|x64.Build.0 = Release|x64
		{C0676AE5-60E0-38B4-A1DE-34C18AB1B46D}.MinSizeRel|x64.ActiveCfg = MinSizeRel|x64
		{C0676AE5-60E0-38B4-A1DE-34C18AB1B46D}.MinSizeRel|x64.Build.0 = MinSizeRel|x64
		{C0676AE5-60E0-38B4-A1DE-34C18AB1B46D}.RelWithDebInfo|x64.ActiveCfg = RelWithDebInfo|x64
		{C0676AE5-60E0-38B4-A1DE-34C18AB1B46D}.RelWithDebInfo|x64.Build.0 = RelWithDebInfo|x64
		{AB64ED60-4B44-34C3-B825-26C50D8B2EAA}.Debug|x64.ActiveCfg = Debug|x64
		{AB64ED60-4B44-34C3-B825-26C50D8B2EAA}.Debug|x64.Build.0 = Debug|x64
		{AB64ED60-4B44-34C3-B825-26C50D8B2EAA}.Release|x64.ActiveCfg = Release|x64
		{AB64ED60-4B44-34C3-B825-26C50D8B2EAA}.Release|x64.Build.0 = Release|x64
		{AB64ED60-4B44-34C3-B825-26C50D8B2EAA}.MinSizeRel|x64.ActiveCfg = MinSizeRel|x64
		{AB64ED60-4B44-34C3-B825-26C50D8B2EAA}.MinSizeRel|x64.Build.0 = MinSizeRel|x64
		{AB64ED60-4B44-34C3-B825-26C50D8B2EAA}.RelWithDebInfo|x64.ActiveCfg = RelWithDebInfo|x64
		{AB64ED60-4B44-34C3-B825-26C50D8B2EAA}.RelWithDebInfo|x64.Build.0 = RelWithDebInfo|x64
	EndGlobalSection
	GlobalSection(ExtensibilityGlobals) = postSolution
		SolutionGuid = {487192B1-0AE2-33F1-93F1-8BA1F8DAC916}
	EndGlobalSection
	GlobalSection(ExtensibilityAddIns) = postSolution
	EndGlobalSection
EndGlobal
